# Generated by pub
# See https://dart.dev/tools/pub/glossary#lockfile
packages:
  ansicolor:
    dependency: transitive
    description:
      name: ansicolor
      sha256: "8bf17a8ff6ea17499e40a2d2542c2f481cd7615760c6d34065cb22bfd22e6880"
      url: "https://pub.dev"
    source: hosted
    version: "2.0.2"
  archive:
    dependency: transitive
    description:
      name: archive
      sha256: "7b875fd4a20b165a3084bd2d210439b22ebc653f21cea4842729c0c30c82596b"
      url: "https://pub.dev"
    source: hosted
    version: "3.4.9"
  args:
    dependency: transitive
    description:
      name: args
      sha256: eef6c46b622e0494a36c5a12d10d77fb4e855501a91c1b9ef9339326e58f0596
      url: "https://pub.dev"
    source: hosted
    version: "2.4.2"
  asn1lib:
    dependency: transitive
    description:
      name: asn1lib
      sha256: "21afe4333076c02877d14f4a89df111e658a6d466cbfc802eb705eb91bd5adfd"
      url: "https://pub.dev"
    source: hosted
    version: "1.5.0"
  async:
    dependency: transitive
    description:
      name: async
      sha256: "947bfcf187f74dbc5e146c9eb9c0f10c9f8b30743e341481c1e2ed3ecc18c20c"
      url: "https://pub.dev"
    source: hosted
    version: "2.11.0"
  boolean_selector:
    dependency: transitive
    description:
      name: boolean_selector
      sha256: "6cfb5af12253eaf2b368f07bacc5a80d1301a071c73360d746b7f2e32d762c66"
      url: "https://pub.dev"
    source: hosted
    version: "2.1.1"
  build_config:
    dependency: transitive
    description:
      name: build_config
      sha256: bf80fcfb46a29945b423bd9aad884590fb1dc69b330a4d4700cac476af1708d1
      url: "https://pub.dev"
    source: hosted
    version: "1.1.1"
  built_collection:
    dependency: transitive
    description:
      name: built_collection
      sha256: "376e3dd27b51ea877c28d525560790aee2e6fbb5f20e2f85d5081027d94e2100"
      url: "https://pub.dev"
    source: hosted
    version: "5.1.1"
  built_value:
    dependency: transitive
    description:
      name: built_value
      sha256: c9aabae0718ec394e5bc3c7272e6bb0dc0b32201a08fe185ec1d8401d3e39309
      url: "https://pub.dev"
    source: hosted
    version: "8.8.1"
  camera:
    dependency: transitive
    description:
      name: camera
      sha256: "7fa53bb1c2059e58bf86b7ab506e3b2a78e42f82d365b44b013239b975a166ef"
      url: "https://pub.dev"
    source: hosted
    version: "0.10.5+7"
  camera_android:
    dependency: transitive
    description:
      name: camera_android
      sha256: "7215e38fa0be58cc3203a6e48de3636fb9b1bf93d6eeedf667f882d51b3a4bf3"
      url: "https://pub.dev"
    source: hosted
    version: "0.10.8+15"
  camera_avfoundation:
    dependency: transitive
    description:
      name: camera_avfoundation
      sha256: "3c8dd395f18722f01b5f325ddd7f5256e9bcdce538fb9243b378ba759df3283c"
      url: "https://pub.dev"
    source: hosted
    version: "0.9.13+8"
  camera_platform_interface:
    dependency: transitive
    description:
      name: camera_platform_interface
      sha256: b6a568984254cadaca41a6b896d87d3b2e79a2e5791afa036f8d524c6783b93a
      url: "https://pub.dev"
    source: hosted
    version: "2.7.0"
  camera_web:
    dependency: transitive
    description:
      name: camera_web
      sha256: d4c2c571c7af04f8b10702ca16bb9ed2a26e64534171e8f75c9349b2c004d8f1
      url: "https://pub.dev"
    source: hosted
    version: "0.3.2+3"
  characters:
    dependency: transitive
    description:
      name: characters
      sha256: "04a925763edad70e8443c99234dc3328f442e811f1d8fd1a72f1c8ad0f69a605"
      url: "https://pub.dev"
    source: hosted
    version: "1.3.0"
  checked_yaml:
    dependency: transitive
    description:
      name: checked_yaml
      sha256: feb6bed21949061731a7a75fc5d2aa727cf160b91af9a3e464c5e3a32e28b5ff
      url: "https://pub.dev"
    source: hosted
    version: "2.0.3"
  clock:
    dependency: transitive
    description:
      name: clock
      sha256: cb6d7f03e1de671e34607e909a7213e31d7752be4fb66a86d29fe1eb14bfb5cf
      url: "https://pub.dev"
    source: hosted
    version: "1.1.1"
  collection:
    dependency: transitive
    description:
      name: collection
      sha256: ee67cb0715911d28db6bf4af1026078bd6f0128b07a5f66fb2ed94ec6783c09a
      url: "https://pub.dev"
    source: hosted
    version: "1.18.0"
  convert:
    dependency: transitive
    description:
      name: convert
      sha256: "0f08b14755d163f6e2134cb58222dd25ea2a2ee8a195e53983d57c075324d592"
      url: "https://pub.dev"
    source: hosted
    version: "3.1.1"
  cookie_jar:
    dependency: transitive
    description:
      name: cookie_jar
      sha256: a6ac027d3ed6ed756bfce8f3ff60cb479e266f3b0fdabd6242b804b6765e52de
      url: "https://pub.dev"
    source: hosted
    version: "4.0.8"
  cross_file:
    dependency: transitive
    description:
      name: cross_file
      sha256: fedaadfa3a6996f75211d835aaeb8fede285dae94262485698afd832371b9a5e
      url: "https://pub.dev"
    source: hosted
    version: "0.3.3+8"
  crypto:
    dependency: transitive
    description:
      name: crypto
      sha256: ff625774173754681d66daaf4a448684fb04b78f902da9cb3d308c19cc5e8bab
      url: "https://pub.dev"
    source: hosted
    version: "3.0.3"
  crypton:
    dependency: transitive
    description:
      name: crypton
      sha256: "17b6631fbf89e389d421b46629132287ed37d601b2ad1357445826ab85022271"
      url: "https://pub.dev"
    source: hosted
    version: "2.2.1"
  csslib:
    dependency: transitive
    description:
      name: csslib
      sha256: "831883fb353c8bdc1d71979e5b342c7d88acfbc643113c14ae51e2442ea0f20f"
      url: "https://pub.dev"
    source: hosted
    version: "0.17.3"
  cupertino_icons:
    dependency: transitive
    description:
      name: cupertino_icons
      sha256: d57953e10f9f8327ce64a508a355f0b1ec902193f66288e8cb5070e7c47eeb2d
      url: "https://pub.dev"
    source: hosted
    version: "1.0.6"
  dbus:
    dependency: transitive
    description:
      name: dbus
      sha256: "365c771ac3b0e58845f39ec6deebc76e3276aa9922b0cc60840712094d9047ac"
      url: "https://pub.dev"
    source: hosted
    version: "0.7.10"
  dependency_validator:
    dependency: transitive
    description:
      name: dependency_validator
      sha256: f727a5627aa405965fab4aef4f468e50a9b632ba0737fd2f98c932fec6d712b9
      url: "https://pub.dev"
    source: hosted
    version: "3.2.3"
  dynamic_color:
    dependency: transitive
    description:
      name: dynamic_color
      sha256: a866f1f8947bfdaf674d7928e769eac7230388a2e7a2542824fad4bb5b87be3b
      url: "https://pub.dev"
    source: hosted
    version: "1.6.9"
  dynamite_runtime:
    dependency: "direct overridden"
    description:
      path: "../dynamite/dynamite_runtime"
      relative: true
    source: path
    version: "0.1.0"
  fake_async:
    dependency: transitive
    description:
      name: fake_async
      sha256: "511392330127add0b769b75a987850d136345d9227c6b94c96a04cf4a391bf78"
      url: "https://pub.dev"
    source: hosted
    version: "1.3.1"
  ffi:
    dependency: transitive
    description:
      name: ffi
      sha256: "7bf0adc28a23d395f19f3f1eb21dd7cfd1dd9f8e1c50051c069122e6853bc878"
      url: "https://pub.dev"
    source: hosted
    version: "2.1.0"
  file:
    dependency: transitive
    description:
      name: file
      sha256: "1b92bec4fc2a72f59a8e15af5f52cd441e4a7860b49499d69dfa817af20e925d"
      url: "https://pub.dev"
    source: hosted
    version: "6.1.4"
  file_icons:
    dependency: "direct overridden"
    description:
      path: "../file_icons"
      relative: true
    source: path
    version: "1.0.0"
  file_picker:
    dependency: transitive
    description:
      name: file_picker
      sha256: "4e42aacde3b993c5947467ab640882c56947d9d27342a5b6f2895b23956954a6"
      url: "https://pub.dev"
    source: hosted
    version: "6.1.1"
  file_selector_linux:
    dependency: transitive
    description:
      name: file_selector_linux
      sha256: "045d372bf19b02aeb69cacf8b4009555fb5f6f0b7ad8016e5f46dd1387ddd492"
      url: "https://pub.dev"
    source: hosted
    version: "0.9.2+1"
  file_selector_macos:
    dependency: transitive
    description:
      name: file_selector_macos
      sha256: b15c3da8bd4908b9918111fa486903f5808e388b8d1c559949f584725a6594d6
      url: "https://pub.dev"
    source: hosted
    version: "0.9.3+3"
  file_selector_platform_interface:
    dependency: transitive
    description:
      name: file_selector_platform_interface
      sha256: "0aa47a725c346825a2bd396343ce63ac00bda6eff2fbc43eabe99737dede8262"
      url: "https://pub.dev"
    source: hosted
    version: "2.6.1"
  file_selector_windows:
    dependency: transitive
    description:
      name: file_selector_windows
      sha256: d3547240c20cabf205c7c7f01a50ecdbc413755814d6677f3cb366f04abcead0
      url: "https://pub.dev"
    source: hosted
    version: "0.9.3+1"
  filesize:
    dependency: transitive
    description:
      name: filesize
      sha256: f53df1f27ff60e466eefcd9df239e02d4722d5e2debee92a87dfd99ac66de2af
      url: "https://pub.dev"
    source: hosted
    version: "2.0.1"
  fixnum:
    dependency: transitive
    description:
      name: fixnum
      sha256: "25517a4deb0c03aa0f32fd12db525856438902d9c16536311e76cdc57b31d7d1"
      url: "https://pub.dev"
    source: hosted
    version: "1.1.0"
  flutter:
    dependency: "direct main"
    description: flutter
    source: sdk
    version: "0.0.0"
  flutter_cache_manager:
    dependency: transitive
    description:
      name: flutter_cache_manager
      sha256: "8207f27539deb83732fdda03e259349046a39a4c767269285f449ade355d54ba"
      url: "https://pub.dev"
    source: hosted
    version: "3.3.1"
  flutter_driver:
    dependency: transitive
    description: flutter
    source: sdk
    version: "0.0.0"
  flutter_file_dialog:
    dependency: transitive
    description:
      name: flutter_file_dialog
      sha256: "9344b8f07be6a1b6f9854b723fb0cf84a8094ba94761af1d213589d3cb087488"
      url: "https://pub.dev"
    source: hosted
    version: "3.0.2"
  flutter_html:
    dependency: transitive
    description:
      name: flutter_html
      sha256: "02ad69e813ecfc0728a455e4bf892b9379983e050722b1dce00192ee2e41d1ee"
      url: "https://pub.dev"
    source: hosted
    version: "3.0.0-beta.2"
  flutter_local_notifications:
    dependency: transitive
    description:
      name: flutter_local_notifications
      sha256: bb5cd63ff7c91d6efe452e41d0d0ae6348925c82eafd10ce170ef585ea04776e
      url: "https://pub.dev"
    source: hosted
    version: "16.2.0"
  flutter_local_notifications_linux:
    dependency: transitive
    description:
      name: flutter_local_notifications_linux
      sha256: "33f741ef47b5f63cc7f78fe75eeeac7e19f171ff3c3df054d84c1e38bedb6a03"
      url: "https://pub.dev"
    source: hosted
    version: "4.0.0+1"
  flutter_local_notifications_platform_interface:
    dependency: transitive
    description:
      name: flutter_local_notifications_platform_interface
      sha256: "7cf643d6d5022f3baed0be777b0662cce5919c0a7b86e700299f22dc4ae660ef"
      url: "https://pub.dev"
    source: hosted
    version: "7.0.0+1"
  flutter_localizations:
    dependency: transitive
    description: flutter
    source: sdk
    version: "0.0.0"
  flutter_markdown:
    dependency: transitive
    description:
      name: flutter_markdown
      sha256: "35108526a233cc0755664d445f8a6b4b61e6f8fe993b3658b80b4a26827fc196"
      url: "https://pub.dev"
    source: hosted
    version: "0.6.18+2"
  flutter_material_design_icons:
    dependency: "direct dev"
    description:
      name: flutter_material_design_icons
      sha256: "92b2f0fc87477bd6460212d828af1cf07819e4d96882cd9bf01ea3fc4040df84"
      url: "https://pub.dev"
    source: hosted
    version: "1.1.7367"
  flutter_native_splash:
    dependency: transitive
    description:
      name: flutter_native_splash
      sha256: "141b20f15a2c4fe6e33c49257ca1bc114fc5c500b04fcbc8d75016bb86af672f"
      url: "https://pub.dev"
    source: hosted
    version: "2.3.8"
  flutter_plugin_android_lifecycle:
    dependency: transitive
    description:
      name: flutter_plugin_android_lifecycle
      sha256: b068ffc46f82a55844acfa4fdbb61fad72fa2aef0905548419d97f0f95c456da
      url: "https://pub.dev"
    source: hosted
    version: "2.0.17"
  flutter_svg:
    dependency: transitive
    description:
      name: flutter_svg
      sha256: d39e7f95621fc84376bc0f7d504f05c3a41488c562f4a8ad410569127507402c
      url: "https://pub.dev"
    source: hosted
    version: "2.0.9"
  flutter_test:
    dependency: "direct dev"
    description: flutter
    source: sdk
    version: "0.0.0"
  flutter_web_plugins:
    dependency: transitive
    description: flutter
    source: sdk
    version: "0.0.0"
  flutter_zxing:
    dependency: transitive
    description:
      name: flutter_zxing
      sha256: eebc5a040cd9bdd0a88e1db9a3b7a250d7fe0ebcb6d70678408c7fa15ba7681f
      url: "https://pub.dev"
    source: hosted
    version: "1.5.1"
  fuchsia_remote_debug_protocol:
    dependency: transitive
    description: flutter
    source: sdk
    version: "0.0.0"
  glob:
    dependency: transitive
    description:
      name: glob
      sha256: "0e7014b3b7d4dac1ca4d6114f82bf1782ee86745b9b42a92c9289c23d8a0ab63"
      url: "https://pub.dev"
    source: hosted
    version: "2.1.2"
  go_router:
    dependency: transitive
    description:
      name: go_router
      sha256: c5fa45fa502ee880839e3b2152d987c44abae26d064a2376d4aad434cf0f7b15
      url: "https://pub.dev"
    source: hosted
    version: "12.1.3"
  html:
    dependency: transitive
    description:
      name: html
      sha256: "3a7812d5bcd2894edf53dfaf8cd640876cf6cef50a8f238745c8b8120ea74d3a"
      url: "https://pub.dev"
    source: hosted
    version: "0.15.4"
  http:
    dependency: transitive
    description:
      name: http
      sha256: d4872660c46d929f6b8a9ef4e7a7eff7e49bbf0c4ec3f385ee32df5119175139
      url: "https://pub.dev"
    source: hosted
    version: "1.1.2"
  http_parser:
    dependency: transitive
    description:
      name: http_parser
      sha256: "2aa08ce0341cc9b354a498388e30986515406668dbcc4f7c950c3e715496693b"
      url: "https://pub.dev"
    source: hosted
    version: "4.0.2"
  image:
    dependency: transitive
    description:
      name: image
      sha256: "028f61960d56f26414eb616b48b04eb37d700cbe477b7fb09bf1d7ce57fd9271"
      url: "https://pub.dev"
    source: hosted
    version: "4.1.3"
  image_picker:
    dependency: transitive
    description:
      name: image_picker
      sha256: fc712337719239b0b6e41316aa133350b078fa39b6cbd706b61f3fd421b03c77
      url: "https://pub.dev"
    source: hosted
    version: "1.0.5"
  image_picker_android:
    dependency: transitive
    description:
      name: image_picker_android
      sha256: ecdc963d2aa67af5195e723a40580f802d4392e31457a12a562b3e2bd6a396fe
      url: "https://pub.dev"
    source: hosted
    version: "0.8.9+1"
  image_picker_for_web:
    dependency: transitive
    description:
      name: image_picker_for_web
      sha256: "50bc9ae6a77eea3a8b11af5eb6c661eeb858fdd2f734c2a4fd17086922347ef7"
      url: "https://pub.dev"
    source: hosted
    version: "3.0.1"
  image_picker_ios:
    dependency: transitive
    description:
      name: image_picker_ios
      sha256: eac0a62104fa12feed213596df0321f57ce5a572562f72a68c4ff81e9e4caacf
      url: "https://pub.dev"
    source: hosted
    version: "0.8.9"
  image_picker_linux:
    dependency: transitive
    description:
      name: image_picker_linux
      sha256: "4ed1d9bb36f7cd60aa6e6cd479779cc56a4cb4e4de8f49d487b1aaad831300fa"
      url: "https://pub.dev"
    source: hosted
    version: "0.2.1+1"
  image_picker_macos:
    dependency: transitive
    description:
      name: image_picker_macos
      sha256: "3f5ad1e8112a9a6111c46d0b57a7be2286a9a07fc6e1976fdf5be2bd31d4ff62"
      url: "https://pub.dev"
    source: hosted
    version: "0.2.1+1"
  image_picker_platform_interface:
    dependency: transitive
    description:
      name: image_picker_platform_interface
      sha256: ed9b00e63977c93b0d2d2b343685bed9c324534ba5abafbb3dfbd6a780b1b514
      url: "https://pub.dev"
    source: hosted
    version: "2.9.1"
  image_picker_windows:
    dependency: transitive
    description:
      name: image_picker_windows
      sha256: "6ad07afc4eb1bc25f3a01084d28520496c4a3bb0cb13685435838167c9dcedeb"
      url: "https://pub.dev"
    source: hosted
    version: "0.2.1+1"
  integration_test:
    dependency: "direct dev"
    description: flutter
    source: sdk
    version: "0.0.0"
  intersperse:
    dependency: transitive
    description:
      name: intersperse
      sha256: "2f8a905c96f6cbba978644a3d5b31b8d86ddc44917662df7d27a61f3df66a576"
      url: "https://pub.dev"
    source: hosted
    version: "2.0.0"
  intl:
    dependency: transitive
    description:
      name: intl
      sha256: "3bc132a9dbce73a7e4a21a17d06e1878839ffbf975568bc875c60537824b0c4d"
      url: "https://pub.dev"
    source: hosted
    version: "0.18.1"
  io:
    dependency: transitive
    description:
      name: io
      sha256: "2ec25704aba361659e10e3e5f5d672068d332fc8ac516421d483a11e5cbd061e"
      url: "https://pub.dev"
    source: hosted
    version: "1.0.4"
  js:
    dependency: transitive
    description:
      name: js
      sha256: f2c445dce49627136094980615a031419f7f3eb393237e4ecd97ac15dea343f3
      url: "https://pub.dev"
    source: hosted
    version: "0.6.7"
  json_annotation:
    dependency: transitive
    description:
      name: json_annotation
      sha256: b10a7b2ff83d83c777edba3c6a0f97045ddadd56c944e1a23a3fdf43a1bf4467
      url: "https://pub.dev"
    source: hosted
    version: "4.8.1"
  list_counter:
    dependency: transitive
    description:
      name: list_counter
      sha256: c447ae3dfcd1c55f0152867090e67e219d42fe6d4f2807db4bbe8b8d69912237
      url: "https://pub.dev"
    source: hosted
    version: "1.0.2"
  logging:
    dependency: transitive
    description:
      name: logging
      sha256: "623a88c9594aa774443aa3eb2d41807a48486b5613e67599fb4c41c0ad47c340"
      url: "https://pub.dev"
    source: hosted
    version: "1.2.0"
  markdown:
    dependency: transitive
    description:
      name: markdown
      sha256: acf35edccc0463a9d7384e437c015a3535772e09714cf60e07eeef3a15870dcd
      url: "https://pub.dev"
    source: hosted
    version: "7.1.1"
  matcher:
    dependency: transitive
    description:
      name: matcher
      sha256: "1803e76e6653768d64ed8ff2e1e67bea3ad4b923eb5c56a295c3e634bad5960e"
      url: "https://pub.dev"
    source: hosted
    version: "0.12.16"
  material_color_utilities:
    dependency: transitive
    description:
      name: material_color_utilities
      sha256: "9528f2f296073ff54cb9fee677df673ace1218163c3bc7628093e7eed5203d41"
      url: "https://pub.dev"
    source: hosted
    version: "0.5.0"
  menu_base:
    dependency: transitive
    description:
      name: menu_base
      sha256: "820368014a171bd1241030278e6c2617354f492f5c703d7b7d4570a6b8b84405"
      url: "https://pub.dev"
    source: hosted
    version: "0.1.1"
  meta:
    dependency: transitive
    description:
      name: meta
      sha256: a6e590c838b18133bb482a2745ad77c5bb7715fb0451209e1a7567d416678b8e
      url: "https://pub.dev"
    source: hosted
    version: "1.10.0"
  mime:
    dependency: transitive
    description:
      name: mime
      sha256: e4ff8e8564c03f255408decd16e7899da1733852a9110a58fe6d1b817684a63e
      url: "https://pub.dev"
    source: hosted
    version: "1.0.4"
  neon_dashboard:
    dependency: "direct main"
    description:
      path: "../neon/neon_dashboard"
      relative: true
    source: path
    version: "1.0.0"
  neon_files:
    dependency: "direct main"
    description:
      path: "../neon/neon_files"
      relative: true
    source: path
    version: "1.0.0"
  neon_framework:
    dependency: "direct main"
    description:
      path: "../neon_framework"
      relative: true
    source: path
    version: "1.0.0"
  neon_lints:
    dependency: "direct dev"
    description:
      path: "../neon_lints"
      relative: true
    source: path
    version: "1.0.0"
  neon_news:
    dependency: "direct main"
    description:
      path: "../neon/neon_news"
      relative: true
    source: path
    version: "1.0.0"
  neon_notes:
    dependency: "direct main"
    description:
      path: "../neon/neon_notes"
      relative: true
    source: path
    version: "1.0.0"
  neon_notifications:
    dependency: "direct main"
    description:
      path: "../neon/neon_notifications"
      relative: true
    source: path
    version: "1.0.0"
  nested:
    dependency: transitive
    description:
      name: nested
      sha256: "03bac4c528c64c95c722ec99280375a6f2fc708eec17c7b3f07253b626cd2a20"
      url: "https://pub.dev"
    source: hosted
    version: "1.0.0"
  nextcloud:
    dependency: "direct dev"
    description:
      path: "../nextcloud"
      relative: true
    source: path
    version: "4.0.0-dev.0"
  open_file:
    dependency: transitive
    description:
      name: open_file
      sha256: a5a32d44acb7c899987d0999e1e3cbb0a0f1adebbf41ac813ec6d2d8faa0af20
      url: "https://pub.dev"
    source: hosted
    version: "3.3.2"
  package_config:
    dependency: transitive
    description:
      name: package_config
      sha256: "1c5b77ccc91e4823a5af61ee74e6b972db1ef98c2ff5a18d3161c982a55448bd"
      url: "https://pub.dev"
    source: hosted
    version: "2.1.0"
  package_info_plus:
    dependency: transitive
    description:
      name: package_info_plus
      sha256: "88bc797f44a94814f2213db1c9bd5badebafdfb8290ca9f78d4b9ee2a3db4d79"
      url: "https://pub.dev"
    source: hosted
    version: "5.0.1"
  package_info_plus_platform_interface:
    dependency: transitive
    description:
      name: package_info_plus_platform_interface
      sha256: "9bc8ba46813a4cc42c66ab781470711781940780fd8beddd0c3da62506d3a6c6"
      url: "https://pub.dev"
    source: hosted
    version: "2.0.1"
  path:
    dependency: transitive
    description:
      name: path
      sha256: "8829d8a55c13fc0e37127c29fedf290c102f4e40ae94ada574091fe0ff96c917"
      url: "https://pub.dev"
    source: hosted
    version: "1.8.3"
  path_parsing:
    dependency: transitive
    description:
      name: path_parsing
      sha256: e3e67b1629e6f7e8100b367d3db6ba6af4b1f0bb80f64db18ef1fbabd2fa9ccf
      url: "https://pub.dev"
    source: hosted
    version: "1.0.1"
  path_provider:
    dependency: transitive
    description:
      name: path_provider
      sha256: a1aa8aaa2542a6bc57e381f132af822420216c80d4781f7aa085ca3229208aaa
      url: "https://pub.dev"
    source: hosted
    version: "2.1.1"
  path_provider_android:
    dependency: transitive
    description:
      name: path_provider_android
      sha256: e595b98692943b4881b219f0a9e3945118d3c16bd7e2813f98ec6e532d905f72
      url: "https://pub.dev"
    source: hosted
    version: "2.2.1"
  path_provider_foundation:
    dependency: transitive
    description:
      name: path_provider_foundation
      sha256: "19314d595120f82aca0ba62787d58dde2cc6b5df7d2f0daf72489e38d1b57f2d"
      url: "https://pub.dev"
    source: hosted
    version: "2.3.1"
  path_provider_linux:
    dependency: transitive
    description:
      name: path_provider_linux
      sha256: f7a1fe3a634fe7734c8d3f2766ad746ae2a2884abe22e241a8b301bf5cac3279
      url: "https://pub.dev"
    source: hosted
    version: "2.2.1"
  path_provider_platform_interface:
    dependency: transitive
    description:
      name: path_provider_platform_interface
      sha256: "94b1e0dd80970c1ce43d5d4e050a9918fce4f4a775e6142424c30a29a363265c"
      url: "https://pub.dev"
    source: hosted
    version: "2.1.1"
  path_provider_windows:
    dependency: transitive
    description:
      name: path_provider_windows
      sha256: "8bc9f22eee8690981c22aa7fc602f5c85b497a6fb2ceb35ee5a5e5ed85ad8170"
      url: "https://pub.dev"
    source: hosted
    version: "2.2.1"
  permission_handler:
    dependency: transitive
    description:
      name: permission_handler
      sha256: "860c6b871c94c78e202dc69546d4d8fd84bd59faeb36f8fb9888668a53ff4f78"
      url: "https://pub.dev"
    source: hosted
    version: "11.1.0"
  permission_handler_android:
    dependency: transitive
    description:
      name: permission_handler_android
      sha256: "2f1bec180ee2f5665c22faada971a8f024761f632e93ddc23310487df52dcfa6"
      url: "https://pub.dev"
    source: hosted
    version: "12.0.1"
  permission_handler_apple:
    dependency: transitive
    description:
      name: permission_handler_apple
      sha256: "1a816084338ada8d574b1cb48390e6e8b19305d5120fe3a37c98825bacc78306"
      url: "https://pub.dev"
    source: hosted
    version: "9.2.0"
  permission_handler_html:
    dependency: transitive
    description:
      name: permission_handler_html
      sha256: "11b762a8c123dced6461933a88ea1edbbe036078c3f9f41b08886e678e7864df"
      url: "https://pub.dev"
    source: hosted
    version: "0.1.0+2"
  permission_handler_platform_interface:
    dependency: transitive
    description:
      name: permission_handler_platform_interface
      sha256: d87349312f7eaf6ce0adaf668daf700ac5b06af84338bd8b8574dfbd93ffe1a1
      url: "https://pub.dev"
    source: hosted
    version: "4.0.2"
  permission_handler_windows:
    dependency: transitive
    description:
      name: permission_handler_windows
      sha256: "1e8640c1e39121128da6b816d236e714d2cf17fac5a105dd6acdd3403a628004"
      url: "https://pub.dev"
    source: hosted
    version: "0.2.0"
  petitparser:
    dependency: transitive
    description:
      name: petitparser
      sha256: c15605cd28af66339f8eb6fbe0e541bfe2d1b72d5825efc6598f3e0a31b9ad27
      url: "https://pub.dev"
    source: hosted
    version: "6.0.2"
  platform:
    dependency: transitive
    description:
      name: platform
      sha256: ae68c7bfcd7383af3629daafb32fb4e8681c7154428da4febcff06200585f102
      url: "https://pub.dev"
    source: hosted
    version: "3.1.2"
  plugin_platform_interface:
    dependency: transitive
    description:
      name: plugin_platform_interface
      sha256: f4f88d4a900933e7267e2b353594774fc0d07fb072b47eedcd5b54e1ea3269f8
      url: "https://pub.dev"
    source: hosted
    version: "2.1.7"
  pointycastle:
    dependency: transitive
    description:
      name: pointycastle
      sha256: "7c1e5f0d23c9016c5bbd8b1473d0d3fb3fc851b876046039509e18e0c7485f2c"
      url: "https://pub.dev"
    source: hosted
    version: "3.7.3"
  process:
    dependency: transitive
    description:
      name: process
      sha256: "53fd8db9cec1d37b0574e12f07520d582019cb6c44abf5479a01505099a34a09"
      url: "https://pub.dev"
    source: hosted
    version: "4.2.4"
  provider:
    dependency: transitive
    description:
      name: provider
      sha256: "9a96a0a19b594dbc5bf0f1f27d2bc67d5f95957359b461cd9feb44ed6ae75096"
      url: "https://pub.dev"
    source: hosted
    version: "6.1.1"
  pub_semver:
    dependency: transitive
    description:
      name: pub_semver
      sha256: "40d3ab1bbd474c4c2328c91e3a7df8c6dd629b79ece4c4bd04bee496a224fb0c"
      url: "https://pub.dev"
    source: hosted
    version: "2.1.4"
  pubspec_parse:
    dependency: transitive
    description:
      name: pubspec_parse
      sha256: c63b2876e58e194e4b0828fcb080ad0e06d051cb607a6be51a9e084f47cb9367
      url: "https://pub.dev"
    source: hosted
    version: "1.2.3"
  queue:
    dependency: transitive
    description:
      name: queue
      sha256: "9a41ecadc15db79010108c06eae229a45c56b18db699760f34e8c9ac9b831ff9"
      url: "https://pub.dev"
    source: hosted
    version: "3.1.0+2"
  quick_actions:
    dependency: transitive
    description:
      name: quick_actions
      sha256: "3930e1cf78a0574495b4ea741ee197323c4a9081321d6ae384b3bfcd84c7ea83"
      url: "https://pub.dev"
    source: hosted
    version: "1.0.6"
  quick_actions_android:
    dependency: transitive
    description:
      name: quick_actions_android
      sha256: df67c20583e05f5038a24c47bfa1b7b2977703ec2d162663017c5f9ef8707699
      url: "https://pub.dev"
    source: hosted
    version: "1.0.9"
  quick_actions_ios:
    dependency: transitive
    description:
      name: quick_actions_ios
      sha256: "5a13ed27b6254184fdd4294e100e3172fa6ebfd8bea03e414634a0f760d49997"
      url: "https://pub.dev"
    source: hosted
    version: "1.0.8"
  quick_actions_platform_interface:
    dependency: transitive
    description:
      name: quick_actions_platform_interface
      sha256: d2a8566b56eec49f93934528b62033906199c60f4ffaef0cba9ef02fcfed8a81
      url: "https://pub.dev"
    source: hosted
    version: "1.0.5"
  quiver:
    dependency: transitive
    description:
      name: quiver
      sha256: b1c1ac5ce6688d77f65f3375a9abb9319b3cb32486bdc7a1e0fdf004d7ba4e47
      url: "https://pub.dev"
    source: hosted
    version: "3.2.1"
  rxdart:
    dependency: transitive
    description:
      name: rxdart
      sha256: "0c7c0cedd93788d996e33041ffecda924cc54389199cde4e6a34b440f50044cb"
      url: "https://pub.dev"
    source: hosted
    version: "0.27.7"
  screen_retriever:
    dependency: transitive
    description:
      name: screen_retriever
      sha256: "6ee02c8a1158e6dae7ca430da79436e3b1c9563c8cf02f524af997c201ac2b90"
      url: "https://pub.dev"
    source: hosted
    version: "0.1.9"
  scrollable_positioned_list:
    dependency: transitive
    description:
      name: scrollable_positioned_list
      sha256: "1b54d5f1329a1e263269abc9e2543d90806131aa14fe7c6062a8054d57249287"
      url: "https://pub.dev"
    source: hosted
    version: "0.3.8"
  share_plus:
    dependency: transitive
    description:
      name: share_plus
      sha256: f74fc3f1cbd99f39760182e176802f693fa0ec9625c045561cfad54681ea93dd
      url: "https://pub.dev"
    source: hosted
    version: "7.2.1"
  share_plus_platform_interface:
    dependency: transitive
    description:
      name: share_plus_platform_interface
      sha256: df08bc3a07d01f5ea47b45d03ffcba1fa9cd5370fb44b3f38c70e42cced0f956
      url: "https://pub.dev"
    source: hosted
    version: "3.3.1"
  shared_preferences:
    dependency: "direct dev"
    description:
      name: shared_preferences
      sha256: "81429e4481e1ccfb51ede496e916348668fd0921627779233bd24cc3ff6abd02"
      url: "https://pub.dev"
    source: hosted
    version: "2.2.2"
  shared_preferences_android:
    dependency: transitive
    description:
      name: shared_preferences_android
      sha256: "8568a389334b6e83415b6aae55378e158fbc2314e074983362d20c562780fb06"
      url: "https://pub.dev"
    source: hosted
    version: "2.2.1"
  shared_preferences_foundation:
    dependency: transitive
    description:
      name: shared_preferences_foundation
      sha256: "7bf53a9f2d007329ee6f3df7268fd498f8373602f943c975598bbb34649b62a7"
      url: "https://pub.dev"
    source: hosted
    version: "2.3.4"
  shared_preferences_linux:
    dependency: transitive
    description:
      name: shared_preferences_linux
      sha256: "9f2cbcf46d4270ea8be39fa156d86379077c8a5228d9dfdb1164ae0bb93f1faa"
      url: "https://pub.dev"
    source: hosted
    version: "2.3.2"
  shared_preferences_platform_interface:
    dependency: transitive
    description:
      name: shared_preferences_platform_interface
      sha256: d4ec5fc9ebb2f2e056c617112aa75dcf92fc2e4faaf2ae999caa297473f75d8a
      url: "https://pub.dev"
    source: hosted
    version: "2.3.1"
  shared_preferences_web:
    dependency: transitive
    description:
      name: shared_preferences_web
      sha256: "7b15ffb9387ea3e237bb7a66b8a23d2147663d391cafc5c8f37b2e7b4bde5d21"
      url: "https://pub.dev"
    source: hosted
    version: "2.2.2"
  shared_preferences_windows:
    dependency: transitive
    description:
      name: shared_preferences_windows
      sha256: "841ad54f3c8381c480d0c9b508b89a34036f512482c407e6df7a9c4aa2ef8f59"
      url: "https://pub.dev"
    source: hosted
    version: "2.3.2"
  shortid:
    dependency: transitive
    description:
      name: shortid
      sha256: d0b40e3dbb50497dad107e19c54ca7de0d1a274eb9b4404991e443dadb9ebedb
      url: "https://pub.dev"
    source: hosted
    version: "0.1.2"
  sky_engine:
    dependency: transitive
    description: flutter
    source: sdk
    version: "0.0.99"
  sort_box:
    dependency: "direct overridden"
    description:
      path: "../sort_box"
      relative: true
    source: path
    version: "1.0.0"
  source_span:
    dependency: transitive
    description:
      name: source_span
      sha256: "53e943d4206a5e30df338fd4c6e7a077e02254531b138a15aec3bd143c1a8b3c"
      url: "https://pub.dev"
    source: hosted
    version: "1.10.0"
  sprintf:
    dependency: transitive
    description:
      name: sprintf
      sha256: "1fc9ffe69d4df602376b52949af107d8f5703b77cda567c4d7d86a0693120f23"
      url: "https://pub.dev"
    source: hosted
    version: "7.0.0"
  sqflite:
    dependency: transitive
    description:
      name: sqflite
      sha256: "591f1602816e9c31377d5f008c2d9ef7b8aca8941c3f89cc5fd9d84da0c38a9a"
      url: "https://pub.dev"
    source: hosted
    version: "2.3.0"
  sqflite_common:
    dependency: transitive
    description:
      name: sqflite_common
      sha256: bb4738f15b23352822f4c42a531677e5c6f522e079461fd240ead29d8d8a54a6
      url: "https://pub.dev"
    source: hosted
    version: "2.5.0+2"
  sqflite_common_ffi:
    dependency: transitive
    description:
      name: sqflite_common_ffi
      sha256: "873677ee78738a723d1ded4ccb23980581998d873d30ee9c331f6a81748663ff"
      url: "https://pub.dev"
    source: hosted
    version: "2.3.1"
  sqlite3:
    dependency: transitive
    description:
      name: sqlite3
      sha256: c4a4c5a4b2a32e2d0f6837b33d7c91a67903891a5b7dbe706cf4b1f6b0c798c5
      url: "https://pub.dev"
    source: hosted
    version: "2.3.0"
  stack_trace:
    dependency: transitive
    description:
      name: stack_trace
      sha256: "73713990125a6d93122541237550ee3352a2d84baad52d375a4cad2eb9b7ce0b"
      url: "https://pub.dev"
    source: hosted
    version: "1.11.1"
  stream_channel:
    dependency: transitive
    description:
      name: stream_channel
      sha256: ba2aa5d8cc609d96bbb2899c28934f9e1af5cddbd60a827822ea467161eb54e7
      url: "https://pub.dev"
    source: hosted
    version: "2.1.2"
  stream_transform:
    dependency: transitive
    description:
      name: stream_transform
      sha256: "14a00e794c7c11aa145a170587321aedce29769c08d7f58b1d141da75e3b1c6f"
      url: "https://pub.dev"
    source: hosted
    version: "2.1.0"
  string_scanner:
    dependency: transitive
    description:
      name: string_scanner
      sha256: "556692adab6cfa87322a115640c11f13cb77b3f076ddcc5d6ae3c20242bedcde"
      url: "https://pub.dev"
    source: hosted
    version: "1.2.0"
  sync_http:
    dependency: transitive
    description:
      name: sync_http
      sha256: "7f0cd72eca000d2e026bcd6f990b81d0ca06022ef4e32fb257b30d3d1014a961"
      url: "https://pub.dev"
    source: hosted
    version: "0.3.1"
  synchronized:
    dependency: transitive
    description:
      name: synchronized
      sha256: "539ef412b170d65ecdafd780f924e5be3f60032a1128df156adad6c5b373d558"
      url: "https://pub.dev"
    source: hosted
    version: "3.1.0+1"
  term_glyph:
    dependency: transitive
    description:
      name: term_glyph
      sha256: a29248a84fbb7c79282b40b8c72a1209db169a2e0542bce341da992fe1bc7e84
      url: "https://pub.dev"
    source: hosted
    version: "1.2.1"
  test_api:
    dependency: transitive
    description:
      name: test_api
      sha256: "5c2f730018264d276c20e4f1503fd1308dfbbae39ec8ee63c5236311ac06954b"
      url: "https://pub.dev"
    source: hosted
    version: "0.6.1"
  timezone:
    dependency: transitive
    description:
      name: timezone
      sha256: "1cfd8ddc2d1cfd836bc93e67b9be88c3adaeca6f40a00ca999104c30693cdca0"
      url: "https://pub.dev"
    source: hosted
    version: "0.9.2"
  tray_manager:
    dependency: transitive
    description:
      name: tray_manager
      sha256: b1975a05e0c6999e983cf9a58a6a098318c896040ccebac5398a3cc9e43b9c69
      url: "https://pub.dev"
    source: hosted
    version: "0.2.0"
  typed_data:
    dependency: transitive
    description:
      name: typed_data
      sha256: facc8d6582f16042dd49f2463ff1bd6e2c9ef9f3d5da3d9b087e244a7b564b3c
      url: "https://pub.dev"
    source: hosted
    version: "1.3.2"
  unifiedpush:
    dependency: transitive
    description:
      name: unifiedpush
      sha256: ef7f3ae6139d27169604e3844379ef7929af573a2be21d9e82187f44ab7b9a32
      url: "https://pub.dev"
    source: hosted
    version: "5.0.1"
  unifiedpush_android:
    dependency: transitive
    description:
      name: unifiedpush_android
      sha256: "19fcdd2671c46bd074efbb80c43cedd0bcddd1fc0cfd3e2f74aec03fb0659d58"
      url: "https://pub.dev"
    source: hosted
    version: "2.2.0"
  unifiedpush_platform_interface:
    dependency: transitive
    description:
      name: unifiedpush_platform_interface
      sha256: "7782b18a15d22bb184fa766ef1e0c675eef862055ff815453df7041dfd026146"
      url: "https://pub.dev"
    source: hosted
    version: "2.0.1"
  universal_io:
    dependency: "direct main"
    description:
      name: universal_io
      sha256: "1722b2dcc462b4b2f3ee7d188dad008b6eb4c40bbd03a3de451d82c78bba9aad"
      url: "https://pub.dev"
    source: hosted
    version: "2.2.2"
  uri:
    dependency: transitive
    description:
      name: uri
      sha256: "889eea21e953187c6099802b7b4cf5219ba8f3518f604a1033064d45b1b8268a"
      url: "https://pub.dev"
    source: hosted
    version: "1.0.0"
  url_launcher:
    dependency: transitive
    description:
      name: url_launcher
      sha256: e9aa5ea75c84cf46b3db4eea212523591211c3cf2e13099ee4ec147f54201c86
      url: "https://pub.dev"
    source: hosted
    version: "6.2.2"
  url_launcher_android:
    dependency: transitive
    description:
      name: url_launcher_android
      sha256: "31222ffb0063171b526d3e569079cf1f8b294075ba323443fdc690842bfd4def"
      url: "https://pub.dev"
    source: hosted
    version: "6.2.0"
  url_launcher_ios:
    dependency: transitive
    description:
      name: url_launcher_ios
      sha256: bba3373219b7abb6b5e0d071b0fe66dfbe005d07517a68e38d4fc3638f35c6d3
      url: "https://pub.dev"
    source: hosted
    version: "6.2.1"
  url_launcher_linux:
    dependency: transitive
    description:
      name: url_launcher_linux
      sha256: ab360eb661f8879369acac07b6bb3ff09d9471155357da8443fd5d3cf7363811
      url: "https://pub.dev"
    source: hosted
    version: "3.1.1"
  url_launcher_macos:
    dependency: transitive
    description:
      name: url_launcher_macos
      sha256: b7244901ea3cf489c5335bdacda07264a6e960b1c1b1a9f91e4bc371d9e68234
      url: "https://pub.dev"
    source: hosted
    version: "3.1.0"
  url_launcher_platform_interface:
    dependency: transitive
    description:
      name: url_launcher_platform_interface
      sha256: "980e8d9af422f477be6948bdfb68df8433be71f5743a188968b0c1b887807e50"
      url: "https://pub.dev"
    source: hosted
    version: "2.2.0"
  url_launcher_web:
    dependency: transitive
    description:
      name: url_launcher_web
      sha256: "7286aec002c8feecc338cc33269e96b73955ab227456e9fb2a91f7fab8a358e9"
      url: "https://pub.dev"
    source: hosted
    version: "2.2.2"
  url_launcher_windows:
    dependency: transitive
    description:
      name: url_launcher_windows
      sha256: ecf9725510600aa2bb6d7ddabe16357691b6d2805f66216a97d1b881e21beff7
      url: "https://pub.dev"
    source: hosted
    version: "3.1.1"
  uuid:
    dependency: transitive
    description:
      name: uuid
      sha256: "22c94e5ad1e75f9934b766b53c742572ee2677c56bc871d850a57dad0f82127f"
      url: "https://pub.dev"
    source: hosted
    version: "4.2.2"
  vector_graphics:
    dependency: "direct main"
    description:
      name: vector_graphics
      sha256: "0f0c746dd2d6254a0057218ff980fc7f5670fd0fcf5e4db38a490d31eed4ad43"
      url: "https://pub.dev"
    source: hosted
    version: "1.1.9+1"
  vector_graphics_codec:
    dependency: transitive
    description:
      name: vector_graphics_codec
      sha256: "0edf6d630d1bfd5589114138ed8fada3234deacc37966bec033d3047c29248b7"
      url: "https://pub.dev"
    source: hosted
    version: "1.1.9+1"
  vector_graphics_compiler:
    dependency: "direct dev"
    description:
      name: vector_graphics_compiler
      sha256: d24333727332d9bd20990f1483af4e09abdb9b1fc7c3db940b56ab5c42790c26
      url: "https://pub.dev"
    source: hosted
    version: "1.1.9+1"
  vector_math:
    dependency: transitive
    description:
      name: vector_math
      sha256: "80b3257d1492ce4d091729e3a67a60407d227c27241d6927be0130c98e741803"
      url: "https://pub.dev"
    source: hosted
    version: "2.1.4"
  version:
    dependency: transitive
    description:
      name: version
      sha256: "3d4140128e6ea10d83da32fef2fa4003fccbf6852217bb854845802f04191f94"
      url: "https://pub.dev"
    source: hosted
    version: "3.0.2"
  vm_service:
    dependency: transitive
    description:
      name: vm_service
      sha256: c538be99af830f478718b51630ec1b6bee5e74e52c8a802d328d9e71d35d2583
      url: "https://pub.dev"
    source: hosted
    version: "11.10.0"
  wakelock_plus:
    dependency: transitive
    description:
      name: wakelock_plus
      sha256: f268ca2116db22e57577fb99d52515a24bdc1d570f12ac18bb762361d43b043d
      url: "https://pub.dev"
    source: hosted
    version: "1.1.4"
  wakelock_plus_platform_interface:
    dependency: transitive
    description:
      name: wakelock_plus_platform_interface
      sha256: "40fabed5da06caff0796dc638e1f07ee395fb18801fbff3255a2372db2d80385"
      url: "https://pub.dev"
    source: hosted
    version: "1.1.0"
  web:
    dependency: transitive
    description:
      name: web
      sha256: afe077240a270dcfd2aafe77602b4113645af95d0ad31128cc02bce5ac5d5152
      url: "https://pub.dev"
    source: hosted
    version: "0.3.0"
  webdriver:
    dependency: transitive
    description:
      name: webdriver
      sha256: "3c923e918918feeb90c4c9fdf1fe39220fa4c0e8e2c0fffaded174498ef86c49"
      url: "https://pub.dev"
    source: hosted
    version: "3.0.2"
  webview_flutter:
    dependency: transitive
    description:
      name: webview_flutter
      sha256: "42393b4492e629aa3a88618530a4a00de8bb46e50e7b3993fedbfdc5352f0dbf"
      url: "https://pub.dev"
    source: hosted
    version: "4.4.2"
  webview_flutter_android:
    dependency: transitive
    description:
      name: webview_flutter_android
      sha256: b54c89fe14a6d26a2a46e24880da0441cdd2bf1f6d01a5b3e1d39558feb1de0b
      url: "https://pub.dev"
    source: hosted
    version: "3.13.1"
  webview_flutter_platform_interface:
    dependency: transitive
    description:
      name: webview_flutter_platform_interface
      sha256: dbe745ee459a16b6fec296f7565a8ef430d0d681001d8ae521898b9361854943
      url: "https://pub.dev"
    source: hosted
    version: "2.9.0"
  webview_flutter_wkwebview:
    dependency: transitive
    description:
      name: webview_flutter_wkwebview
      sha256: eebfabfa8a115b535b52031b8b26f7a4b58ceceab378bc9db8762b0fb46f7b5d
      url: "https://pub.dev"
    source: hosted
    version: "3.10.0"
  win32:
    dependency: transitive
    description:
      name: win32
      sha256: b0f37db61ba2f2e9b7a78a1caece0052564d1bc70668156cf3a29d676fe4e574
      url: "https://pub.dev"
    source: hosted
    version: "5.1.1"
  window_manager:
    dependency: transitive
    description:
      name: window_manager
      sha256: dcc865277f26a7dad263a47d0e405d77e21f12cb71f30333a52710a408690bd7
      url: "https://pub.dev"
    source: hosted
    version: "0.3.7"
  xdg_directories:
    dependency: transitive
    description:
      name: xdg_directories
      sha256: "589ada45ba9e39405c198fe34eb0f607cddb2108527e658136120892beac46d2"
      url: "https://pub.dev"
    source: hosted
    version: "1.0.3"
  xml:
    dependency: transitive
    description:
      name: xml
      sha256: b015a8ad1c488f66851d762d3090a21c600e479dc75e68328c52774040cf9226
      url: "https://pub.dev"
    source: hosted
    version: "6.5.0"
  xml_annotation:
    dependency: transitive
    description:
      name: xml_annotation
      sha256: cea1ff2d086c31c4ceb1773a180807d6008e3ceed2debed2f76a556857d571ee
      url: "https://pub.dev"
    source: hosted
    version: "2.3.0"
  yaml:
    dependency: transitive
    description:
      name: yaml
      sha256: "75769501ea3489fca56601ff33454fe45507ea3bfb014161abc3b43ae25989d5"
      url: "https://pub.dev"
    source: hosted
    version: "3.1.2"
sdks:
  dart: ">=3.2.0 <4.0.0"
  flutter: ">=3.16.0"
